
Microsoft Visual Studio Solution File, Format Version 12.00
# Visual Studio Version 17
VisualStudioVersion = 17.6.33723.286
MinimumVisualStudioVersion = 10.0.40219.1
Project("{2150E333-8FDC-42A3-9474-1A3956D46DE8}") = "Basics", "Basics", "{5F3A9D61-63DA-4DF3-9EDF-E960E67AA614}"
EndProject
Project("{FAE04EC0-301F-11D3-BF4B-00C04F79EFBC}") = "MathematicsClass", "MathematicsClass\MathematicsClass.csproj", "{A2C00B28-61D5-47C0-87D1-6DEA582EEA19}"
EndProject
Project("{FAE04EC0-301F-11D3-BF4B-00C04F79EFBC}") = "MathematicsClassTests", "MathematicsClassTests\MathematicsClassTests.csproj", "{811F0927-78C8-45AB-9655-A75A31FE57E2}"
EndProject
Project("{FAE04EC0-301F-11D3-BF4B-00C04F79EFBC}") = "GearFactory", "GearFactory\GearFactory.csproj", "{130EE57C-0DFB-4355-9E01-610927409444}"
EndProject
Project("{FAE04EC0-301F-11D3-BF4B-00C04F79EFBC}") = "Vehicles", "Vehicles\Vehicles.csproj", "{D03EFC3E-4C06-4C40-ADCE-459D2B3EEDF4}"
EndProject
Project("{FAE04EC0-301F-11D3-BF4B-00C04F79EFBC}") = "Validation", "Validation\Validation.csproj", "{6B8E8EB1-9C34-4AE3-B0E0-4E21C3781E3B}"
EndProject
Project("{FAE04EC0-301F-11D3-BF4B-00C04F79EFBC}") = "PictureViewer", "PictureViewer\PictureViewer.csproj", "{02126DE0-76EE-4FB8-9FB3-5D40F1C8904B}"
EndProject
Project("{2150E333-8FDC-42A3-9474-1A3956D46DE8}") = "WindowsForms", "WindowsForms", "{C5ADA988-2918-4CDF-A797-32D01C138374}"
EndProject
Project("{FAE04EC0-301F-11D3-BF4B-00C04F79EFBC}") = "MathQuiz", "MathQuiz\MathQuiz.csproj", "{13C6EBA4-9FC2-4561-B923-0C195F8A67BF}"
EndProject
Project("{FAE04EC0-301F-11D3-BF4B-00C04F79EFBC}") = "MatchingGame", "MatchingGame\MatchingGame.csproj", "{2E33DB1D-DCC0-4714-898D-ED53075244B2}"
EndProject
Project("{FAE04EC0-301F-11D3-BF4B-00C04F79EFBC}") = "MP3Gui", "MP3Gui\MP3Gui.csproj", "{E094B9AB-B025-4BAF-AA8D-3EB42143F385}"
EndProject
Project("{FAE04EC0-301F-11D3-BF4B-00C04F79EFBC}") = "MP3FileStream", "MP3FileStream\MP3FileStream.csproj", "{5C050AA3-F094-4DED-9D0A-D990333E30D3}"
EndProject
Project("{FAE04EC0-301F-11D3-BF4B-00C04F79EFBC}") = "FsInformation", "FsInformation\FsInformation.csproj", "{A8BCF237-2BC1-4811-96FE-9705FFA5DD78}"
EndProject
Project("{2150E333-8FDC-42A3-9474-1A3956D46DE8}") = "MP3", "MP3", "{B25DB1E3-B563-45B2-A456-344471D52309}"
EndProject
Project("{FAE04EC0-301F-11D3-BF4B-00C04F79EFBC}") = "MP3FileStreamTests", "MP3FileStreamTests\MP3FileStreamTests.csproj", "{EC444AE2-B5A2-4443-A6BA-372CD03BC9C9}"
EndProject
Project("{2150E333-8FDC-42A3-9474-1A3956D46DE8}") = "Mathematics", "Mathematics", "{E0640032-EBE7-48B7-9647-122CB5EC02F6}"
EndProject
Project("{2150E333-8FDC-42A3-9474-1A3956D46DE8}") = "Anagram", "Anagram", "{D38361E3-639C-41F2-83A4-4B555F8E04EF}"
EndProject
Project("{FAE04EC0-301F-11D3-BF4B-00C04F79EFBC}") = "Anagram", "Anagram\Anagram.csproj", "{0B381FDE-7594-417E-8FD4-8660199FE753}"
EndProject
Project("{FAE04EC0-301F-11D3-BF4B-00C04F79EFBC}") = "AnagramTests", "AnagramTests\AnagramTests.csproj", "{9146DB7D-787D-4A2D-AB26-18EBE7361DBD}"
EndProject
Project("{2150E333-8FDC-42A3-9474-1A3956D46DE8}") = "WPF", "WPF", "{37C1DFBB-E687-46B3-B3DA-2611BB1CF4E4}"
EndProject
Project("{FAE04EC0-301F-11D3-BF4B-00C04F79EFBC}") = "CustomersApp", "CustomersApp\CustomersApp.csproj", "{6F726490-0774-45C2-9EE6-089629CB87CA}"
EndProject
Project("{2150E333-8FDC-42A3-9474-1A3956D46DE8}") = "Files", "Files", "{20B9093B-2DE9-4EE7-ACC8-1296897AB027}"
EndProject
Project("{2150E333-8FDC-42A3-9474-1A3956D46DE8}") = "Asynchronous", "Asynchronous", "{FEC5B651-399B-4F77-98DB-E098595DDB8E}"
EndProject
Project("{FAE04EC0-301F-11D3-BF4B-00C04F79EFBC}") = "FileDownload", "FileDownload\FileDownload.csproj", "{9770EA83-0E7D-40EE-8292-08A634EA5AA7}"
EndProject
Project("{FAE04EC0-301F-11D3-BF4B-00C04F79EFBC}") = "Grep", "Grep\Grep.csproj", "{1A29B72E-9457-4398-8E54-8AF4A4559954}"
EndProject
Project("{FAE04EC0-301F-11D3-BF4B-00C04F79EFBC}") = "TCPClientServer", "TCPClientServer\TCPClientServer.csproj", "{4FCFD67E-F25E-4D13-B163-6EDCEEA110E3}"
EndProject
Project("{2150E333-8FDC-42A3-9474-1A3956D46DE8}") = "Networking", "Networking", "{9CFF2EE1-7AF4-451B-B387-708186942130}"
EndProject
Global
	GlobalSection(SolutionConfigurationPlatforms) = preSolution
		Debug|Any CPU = Debug|Any CPU
		Release|Any CPU = Release|Any CPU
	EndGlobalSection
	GlobalSection(ProjectConfigurationPlatforms) = postSolution
		{A2C00B28-61D5-47C0-87D1-6DEA582EEA19}.Debug|Any CPU.ActiveCfg = Debug|Any CPU
		{A2C00B28-61D5-47C0-87D1-6DEA582EEA19}.Debug|Any CPU.Build.0 = Debug|Any CPU
		{A2C00B28-61D5-47C0-87D1-6DEA582EEA19}.Release|Any CPU.ActiveCfg = Release|Any CPU
		{A2C00B28-61D5-47C0-87D1-6DEA582EEA19}.Release|Any CPU.Build.0 = Release|Any CPU
		{811F0927-78C8-45AB-9655-A75A31FE57E2}.Debug|Any CPU.ActiveCfg = Debug|Any CPU
		{811F0927-78C8-45AB-9655-A75A31FE57E2}.Debug|Any CPU.Build.0 = Debug|Any CPU
		{811F0927-78C8-45AB-9655-A75A31FE57E2}.Release|Any CPU.ActiveCfg = Release|Any CPU
		{811F0927-78C8-45AB-9655-A75A31FE57E2}.Release|Any CPU.Build.0 = Release|Any CPU
		{130EE57C-0DFB-4355-9E01-610927409444}.Debug|Any CPU.ActiveCfg = Debug|Any CPU
		{130EE57C-0DFB-4355-9E01-610927409444}.Debug|Any CPU.Build.0 = Debug|Any CPU
		{130EE57C-0DFB-4355-9E01-610927409444}.Release|Any CPU.ActiveCfg = Release|Any CPU
		{130EE57C-0DFB-4355-9E01-610927409444}.Release|Any CPU.Build.0 = Release|Any CPU
		{D03EFC3E-4C06-4C40-ADCE-459D2B3EEDF4}.Debug|Any CPU.ActiveCfg = Debug|Any CPU
		{D03EFC3E-4C06-4C40-ADCE-459D2B3EEDF4}.Debug|Any CPU.Build.0 = Debug|Any CPU
		{D03EFC3E-4C06-4C40-ADCE-459D2B3EEDF4}.Release|Any CPU.ActiveCfg = Release|Any CPU
		{D03EFC3E-4C06-4C40-ADCE-459D2B3EEDF4}.Release|Any CPU.Build.0 = Release|Any CPU
		{6B8E8EB1-9C34-4AE3-B0E0-4E21C3781E3B}.Debug|Any CPU.ActiveCfg = Debug|Any CPU
		{6B8E8EB1-9C34-4AE3-B0E0-4E21C3781E3B}.Debug|Any CPU.Build.0 = Debug|Any CPU
		{6B8E8EB1-9C34-4AE3-B0E0-4E21C3781E3B}.Release|Any CPU.ActiveCfg = Release|Any CPU
		{6B8E8EB1-9C34-4AE3-B0E0-4E21C3781E3B}.Release|Any CPU.Build.0 = Release|Any CPU
		{02126DE0-76EE-4FB8-9FB3-5D40F1C8904B}.Debug|Any CPU.ActiveCfg = Debug|Any CPU
		{02126DE0-76EE-4FB8-9FB3-5D40F1C8904B}.Debug|Any CPU.Build.0 = Debug|Any CPU
		{02126DE0-76EE-4FB8-9FB3-5D40F1C8904B}.Release|Any CPU.ActiveCfg = Release|Any CPU
		{02126DE0-76EE-4FB8-9FB3-5D40F1C8904B}.Release|Any CPU.Build.0 = Release|Any CPU
		{13C6EBA4-9FC2-4561-B923-0C195F8A67BF}.Debug|Any CPU.ActiveCfg = Debug|Any CPU
		{13C6EBA4-9FC2-4561-B923-0C195F8A67BF}.Debug|Any CPU.Build.0 = Debug|Any CPU
		{13C6EBA4-9FC2-4561-B923-0C195F8A67BF}.Release|Any CPU.ActiveCfg = Release|Any CPU
		{13C6EBA4-9FC2-4561-B923-0C195F8A67BF}.Release|Any CPU.Build.0 = Release|Any CPU
		{2E33DB1D-DCC0-4714-898D-ED53075244B2}.Debug|Any CPU.ActiveCfg = Debug|Any CPU
		{2E33DB1D-DCC0-4714-898D-ED53075244B2}.Debug|Any CPU.Build.0 = Debug|Any CPU
		{2E33DB1D-DCC0-4714-898D-ED53075244B2}.Release|Any CPU.ActiveCfg = Release|Any CPU
		{2E33DB1D-DCC0-4714-898D-ED53075244B2}.Release|Any CPU.Build.0 = Release|Any CPU
		{E094B9AB-B025-4BAF-AA8D-3EB42143F385}.Debug|Any CPU.ActiveCfg = Debug|Any CPU
		{E094B9AB-B025-4BAF-AA8D-3EB42143F385}.Debug|Any CPU.Build.0 = Debug|Any CPU
		{E094B9AB-B025-4BAF-AA8D-3EB42143F385}.Release|Any CPU.ActiveCfg = Release|Any CPU
		{E094B9AB-B025-4BAF-AA8D-3EB42143F385}.Release|Any CPU.Build.0 = Release|Any CPU
		{5C050AA3-F094-4DED-9D0A-D990333E30D3}.Debug|Any CPU.ActiveCfg = Debug|Any CPU
		{5C050AA3-F094-4DED-9D0A-D990333E30D3}.Debug|Any CPU.Build.0 = Debug|Any CPU
		{5C050AA3-F094-4DED-9D0A-D990333E30D3}.Release|Any CPU.ActiveCfg = Release|Any CPU
		{5C050AA3-F094-4DED-9D0A-D990333E30D3}.Release|Any CPU.Build.0 = Release|Any CPU
		{A8BCF237-2BC1-4811-96FE-9705FFA5DD78}.Debug|Any CPU.ActiveCfg = Debug|Any CPU
		{A8BCF237-2BC1-4811-96FE-9705FFA5DD78}.Debug|Any CPU.Build.0 = Debug|Any CPU
		{A8BCF237-2BC1-4811-96FE-9705FFA5DD78}.Release|Any CPU.ActiveCfg = Release|Any CPU
		{A8BCF237-2BC1-4811-96FE-9705FFA5DD78}.Release|Any CPU.Build.0 = Release|Any CPU
		{EC444AE2-B5A2-4443-A6BA-372CD03BC9C9}.Debug|Any CPU.ActiveCfg = Debug|Any CPU
		{EC444AE2-B5A2-4443-A6BA-372CD03BC9C9}.Debug|Any CPU.Build.0 = Debug|Any CPU
		{EC444AE2-B5A2-4443-A6BA-372CD03BC9C9}.Release|Any CPU.ActiveCfg = Release|Any CPU
		{EC444AE2-B5A2-4443-A6BA-372CD03BC9C9}.Release|Any CPU.Build.0 = Release|Any CPU
		{0B381FDE-7594-417E-8FD4-8660199FE753}.Debug|Any CPU.ActiveCfg = Debug|Any CPU
		{0B381FDE-7594-417E-8FD4-8660199FE753}.Debug|Any CPU.Build.0 = Debug|Any CPU
		{0B381FDE-7594-417E-8FD4-8660199FE753}.Release|Any CPU.ActiveCfg = Release|Any CPU
		{0B381FDE-7594-417E-8FD4-8660199FE753}.Release|Any CPU.Build.0 = Release|Any CPU
		{9146DB7D-787D-4A2D-AB26-18EBE7361DBD}.Debug|Any CPU.ActiveCfg = Debug|Any CPU
		{9146DB7D-787D-4A2D-AB26-18EBE7361DBD}.Debug|Any CPU.Build.0 = Debug|Any CPU
		{9146DB7D-787D-4A2D-AB26-18EBE7361DBD}.Release|Any CPU.ActiveCfg = Release|Any CPU
		{9146DB7D-787D-4A2D-AB26-18EBE7361DBD}.Release|Any CPU.Build.0 = Release|Any CPU
		{6F726490-0774-45C2-9EE6-089629CB87CA}.Debug|Any CPU.ActiveCfg = Debug|Any CPU
		{6F726490-0774-45C2-9EE6-089629CB87CA}.Debug|Any CPU.Build.0 = Debug|Any CPU
		{6F726490-0774-45C2-9EE6-089629CB87CA}.Release|Any CPU.ActiveCfg = Release|Any CPU
		{6F726490-0774-45C2-9EE6-089629CB87CA}.Release|Any CPU.Build.0 = Release|Any CPU
		{9770EA83-0E7D-40EE-8292-08A634EA5AA7}.Debug|Any CPU.ActiveCfg = Debug|Any CPU
		{9770EA83-0E7D-40EE-8292-08A634EA5AA7}.Debug|Any CPU.Build.0 = Debug|Any CPU
		{9770EA83-0E7D-40EE-8292-08A634EA5AA7}.Release|Any CPU.ActiveCfg = Release|Any CPU
		{9770EA83-0E7D-40EE-8292-08A634EA5AA7}.Release|Any CPU.Build.0 = Release|Any CPU
		{1A29B72E-9457-4398-8E54-8AF4A4559954}.Debug|Any CPU.ActiveCfg = Debug|Any CPU
		{1A29B72E-9457-4398-8E54-8AF4A4559954}.Debug|Any CPU.Build.0 = Debug|Any CPU
		{1A29B72E-9457-4398-8E54-8AF4A4559954}.Release|Any CPU.ActiveCfg = Release|Any CPU
		{1A29B72E-9457-4398-8E54-8AF4A4559954}.Release|Any CPU.Build.0 = Release|Any CPU
		{4FCFD67E-F25E-4D13-B163-6EDCEEA110E3}.Debug|Any CPU.ActiveCfg = Debug|Any CPU
		{4FCFD67E-F25E-4D13-B163-6EDCEEA110E3}.Debug|Any CPU.Build.0 = Debug|Any CPU
		{4FCFD67E-F25E-4D13-B163-6EDCEEA110E3}.Release|Any CPU.ActiveCfg = Release|Any CPU
		{4FCFD67E-F25E-4D13-B163-6EDCEEA110E3}.Release|Any CPU.Build.0 = Release|Any CPU
	EndGlobalSection
	GlobalSection(SolutionProperties) = preSolution
		HideSolutionNode = FALSE
	EndGlobalSection
	GlobalSection(NestedProjects) = preSolution
		{A2C00B28-61D5-47C0-87D1-6DEA582EEA19} = {E0640032-EBE7-48B7-9647-122CB5EC02F6}
		{811F0927-78C8-45AB-9655-A75A31FE57E2} = {E0640032-EBE7-48B7-9647-122CB5EC02F6}
		{130EE57C-0DFB-4355-9E01-610927409444} = {5F3A9D61-63DA-4DF3-9EDF-E960E67AA614}
		{D03EFC3E-4C06-4C40-ADCE-459D2B3EEDF4} = {5F3A9D61-63DA-4DF3-9EDF-E960E67AA614}
		{6B8E8EB1-9C34-4AE3-B0E0-4E21C3781E3B} = {5F3A9D61-63DA-4DF3-9EDF-E960E67AA614}
		{02126DE0-76EE-4FB8-9FB3-5D40F1C8904B} = {C5ADA988-2918-4CDF-A797-32D01C138374}
		{13C6EBA4-9FC2-4561-B923-0C195F8A67BF} = {C5ADA988-2918-4CDF-A797-32D01C138374}
		{2E33DB1D-DCC0-4714-898D-ED53075244B2} = {C5ADA988-2918-4CDF-A797-32D01C138374}
		{E094B9AB-B025-4BAF-AA8D-3EB42143F385} = {B25DB1E3-B563-45B2-A456-344471D52309}
		{5C050AA3-F094-4DED-9D0A-D990333E30D3} = {B25DB1E3-B563-45B2-A456-344471D52309}
		{B25DB1E3-B563-45B2-A456-344471D52309} = {C5ADA988-2918-4CDF-A797-32D01C138374}
		{EC444AE2-B5A2-4443-A6BA-372CD03BC9C9} = {B25DB1E3-B563-45B2-A456-344471D52309}
		{E0640032-EBE7-48B7-9647-122CB5EC02F6} = {5F3A9D61-63DA-4DF3-9EDF-E960E67AA614}
		{D38361E3-639C-41F2-83A4-4B555F8E04EF} = {C5ADA988-2918-4CDF-A797-32D01C138374}
		{0B381FDE-7594-417E-8FD4-8660199FE753} = {D38361E3-639C-41F2-83A4-4B555F8E04EF}
		{9146DB7D-787D-4A2D-AB26-18EBE7361DBD} = {D38361E3-639C-41F2-83A4-4B555F8E04EF}
		{6F726490-0774-45C2-9EE6-089629CB87CA} = {37C1DFBB-E687-46B3-B3DA-2611BB1CF4E4}
		{A8BCF237-2BC1-4811-96FE-9705FFA5DD78} = {20B9093B-2DE9-4EE7-ACC8-1296897AB027}
		{9770EA83-0E7D-40EE-8292-08A634EA5AA7} = {FEC5B651-399B-4F77-98DB-E098595DDB8E}
		{1A29B72E-9457-4398-8E54-8AF4A4559954} = {FEC5B651-399B-4F77-98DB-E098595DDB8E}
		{4FCFD67E-F25E-4D13-B163-6EDCEEA110E3} = {9CFF2EE1-7AF4-451B-B387-708186942130}
	EndGlobalSection
	GlobalSection(ExtensibilityGlobals) = postSolution
		SolutionGuid = {A60F337F-C7DA-4DFD-B6FA-1447B3C9678B}
	EndGlobalSection
EndGlobal
